
Microsoft Visual Studio Solution File, Format Version 12.00
# Visual Studio Version 17
VisualStudioVersion = 17.7.34221.43
MinimumVisualStudioVersion = 10.0.40219.1
Project("{8BC9CEB8-8B4A-11D0-8D11-00A0C91BC942}") = "自动允许风险", "自动允许风险\自动允许风险.vcxproj", "{F13C6770-3F86-412A-BC60-CD3B95611EDA}"
EndProject
Project("{8BC9CEB8-8B4A-11D0-8D11-00A0C91BC942}") = "写启动项", "写启动项\写启动项.vcxproj", "{CF89A0AB-0564-4E4C-B648-EFD57A0AF55B}"
EndProject
Global
	GlobalSection(SolutionConfigurationPlatforms) = preSolution
		Debug|x64 = Debug|x64
		Debug|x86 = Debug|x86
		Release|x64 = Release|x64
		Release|x86 = Release|x86
	EndGlobalSection
	GlobalSection(ProjectConfigurationPlatforms) = postSolution
		{F13C6770-3F86-412A-BC60-CD3B95611EDA}.Debug|x64.ActiveCfg = Debug|x64
		{F13C6770-3F86-412A-BC60-CD3B95611EDA}.Debug|x64.Build.0 = Debug|x64
		{F13C6770-3F86-412A-BC60-CD3B95611EDA}.Debug|x86.ActiveCfg = Debug|Win32
		{F13C6770-3F86-412A-BC60-CD3B95611EDA}.Debug|x86.Build.0 = Debug|Win32
		{F13C6770-3F86-412A-BC60-CD3B95611EDA}.Release|x64.ActiveCfg = Release|x64
		{F13C6770-3F86-412A-BC60-CD3B95611EDA}.Release|x64.Build.0 = Release|x64
		{F13C6770-3F86-412A-BC60-CD3B95611EDA}.Release|x86.ActiveCfg = Release|Win32
		{F13C6770-3F86-412A-BC60-CD3B95611EDA}.Release|x86.Build.0 = Release|Win32
		{CF89A0AB-0564-4E4C-B648-EFD57A0AF55B}.Debug|x64.ActiveCfg = Debug|x64
		{CF89A0AB-0564-4E4C-B648-EFD57A0AF55B}.Debug|x64.Build.0 = Debug|x64
		{CF89A0AB-0564-4E4C-B648-EFD57A0AF55B}.Debug|x86.ActiveCfg = Debug|Win32
		{CF89A0AB-0564-4E4C-B648-EFD57A0AF55B}.Debug|x86.Build.0 = Debug|Win32
		{CF89A0AB-0564-4E4C-B648-EFD57A0AF55B}.Release|x64.ActiveCfg = Release|x64
		{CF89A0AB-0564-4E4C-B648-EFD57A0AF55B}.Release|x64.Build.0 = Release|x64
		{CF89A0AB-0564-4E4C-B648-EFD57A0AF55B}.Release|x86.ActiveCfg = Release|Win32
		{CF89A0AB-0564-4E4C-B648-EFD57A0AF55B}.Release|x86.Build.0 = Release|Win32
	EndGlobalSection
	GlobalSection(SolutionProperties) = preSolution
		HideSolutionNode = FALSE
	EndGlobalSection
	GlobalSection(ExtensibilityGlobals) = postSolution
		SolutionGuid = {AC580567-FD0B-4D40-AD4F-3FED60569BA8}
	EndGlobalSection
EndGlobal
